<?xml version="1.0" encoding="UTF-8" standalone="yes" ?>
<CodeBlocks_project_file>
	<FileVersion major="1" minor="6" />
	<Project>
		<Option title="Criteria.WorkflowEngine" />
		<Option execution_dir="." />
		<Option pch_mode="2" />
		<Option compiler="gcc" />
		<Build>
			<Target title="Release Win32">
				<Option output="WorkflowEngine" prefix_auto="1" extension_auto="1" />
				<Option object_output="$(TARGET_OUTPUT_DIR)$(TARGET_OUTPUT_BASENAME)" />
				<Option type="3" />
				<Option compiler="cygwin" />
				<Option createDefFile="1" />
				<Option createStaticLib="1" />
				<Compiler>
					<Add option="-std=c++11" />
					<Add option="-W" />
					<Add option="-O0" />
					<Add option="-Wunknown-pragmas" />
					<Add option="-Wunused-variable" />
					<Add option="-DWIN32" />
					<Add option="-D_WIN32" />
					<Add option="-DNDEBUG" />
					<Add option="-D_WINDOWS" />
					<Add option="-D_USRDLL" />
					<Add option="-DENGINE_EXPORTS" />
					<Add option="-D_CODEMANAGER_TRACE_ON_" />
				</Compiler>
				<Linker>
					<Add library="..\..\bin\libLibraries.a" />
				</Linker>
			</Target>
			<Target title="Debug Win32">
				<Option output="WorkflowEngineD" prefix_auto="1" extension_auto="1" />
				<Option object_output="$(TARGET_OUTPUT_DIR)$(TARGET_OUTPUT_BASENAME)" />
				<Option type="3" />
				<Option compiler="cygwin" />
				<Option createDefFile="1" />
				<Option createStaticLib="1" />
				<Compiler>
					<Add option="-std=c++11" />
					<Add option="-Wall" />
					<Add option="-g" />
					<Add option="-W" />
					<Add option="-fPIC" />
					<Add option="-Wunknown-pragmas" />
					<Add option="-Wunused-variable" />
					<Add option="-fpermissive" />
					<Add option="-D_CRITERIA_STATIC_LIBRARY" />
					<Add option="-D_DEBUG" />
					<Add option="-D_WINDOWS" />
					<Add option="-D_USRDLL" />
					<Add option="-DENGINE_EXPORTS" />
					<Add option="-DWAPI_EXPORTS" />
					<Add option="-D_CODEMANAGER_TRACE_ON_" />
					<Add option="-DBOS_EXPORTS" />
					<Add directory="../../../../../../../cygwin/usr/include" />
				</Compiler>
				<Linker>
					<Add library="..\Criteria.Libraries.bOS\libLibrariesD.a" />
				</Linker>
			</Target>
		</Build>
		<Compiler>
			<Add directory="." />
			<Add directory="actions" />
			<Add directory="Application" />
			<Add directory="Application/DataModel" />
			<Add directory="DataBase" />
			<Add directory="DataBase/DataModel" />
			<Add directory="engine" />
			<Add directory="engine/DataType" />
			<Add directory="events" />
			<Add directory="ExternalEvent" />
			<Add directory="ExternalEvent/DataModel" />
			<Add directory="Idioma" />
			<Add directory="tasks" />
			<Add directory="WAPI" />
			<Add directory="../../include/criteria" />
		</Compiler>
		<Unit filename="Application/Application.cpp" />
		<Unit filename="Application/Application.h" />
		<Unit filename="Application/ApplicationException.cpp" />
		<Unit filename="Application/ApplicationException.h" />
		<Unit filename="Application/ApplicationFunction.cpp" />
		<Unit filename="Application/ApplicationFunction.h" />
		<Unit filename="Application/ApplicationFunctionResult.cpp" />
		<Unit filename="Application/ApplicationFunctionResult.h" />
		<Unit filename="Application/ApplicationFunctions.cpp" />
		<Unit filename="Application/ApplicationFunctions.h" />
		<Unit filename="Application/ApplicationManager.cpp" />
		<Unit filename="Application/ApplicationManager.h" />
		<Unit filename="Application/Applications.cpp" />
		<Unit filename="Application/Applications.h" />
		<Unit filename="Application/FunctionExecution.cpp" />
		<Unit filename="Application/FunctionExecution.h" />
		<Unit filename="Application/LibraryFunctionExecution.cpp" />
		<Unit filename="Application/LibraryFunctionExecution.h" />
		<Unit filename="Application/ProcessFunctionExecution.cpp" />
		<Unit filename="Application/ProcessFunctionExecution.h" />
		<Unit filename="Application/SQLApplicationDataModelDefines.cpp" />
		<Unit filename="Application/ScriptFunctionExecution.cpp" />
		<Unit filename="Application/ScriptFunctionExecution.h" />
		<Unit filename="Application/SocketFunctionExecution.cpp" />
		<Unit filename="Application/SocketFunctionExecution.h" />
		<Unit filename="Application/XMLApplicationDataModelDefines.cpp" />
		<Unit filename="CommonDefines.cpp" />
		<Unit filename="CommonDefines.h" />
		<Unit filename="CriteriaCommonDefines.h" />
		<Unit filename="DataBase/CommonDefines.h" />
		<Unit filename="DataBase/DBException.h" />
		<Unit filename="DataBase/DataBaseHelper.cpp" />
		<Unit filename="DataBase/DataBaseHelper.h" />
		<Unit filename="DataBase/DataBaseTemplate.cpp" />
		<Unit filename="DataBase/DataBaseTemplate.h" />
		<Unit filename="DataBase/DataModel/Activities.cpp" />
		<Unit filename="DataBase/DataModel/Activities.h" />
		<Unit filename="DataBase/DataModel/Activity.cpp" />
		<Unit filename="DataBase/DataModel/Activity.h" />
		<Unit filename="DataBase/DataModel/ActivityComponent.cpp" />
		<Unit filename="DataBase/DataModel/ActivityComponent.h" />
		<Unit filename="DataBase/DataModel/Attribute.cpp" />
		<Unit filename="DataBase/DataModel/Attribute.h" />
		<Unit filename="DataBase/DataModel/Attributes.cpp" />
		<Unit filename="DataBase/DataModel/Attributes.h" />
		<Unit filename="DataBase/DataModel/Behaviour.cpp" />
		<Unit filename="DataBase/DataModel/Behaviour.h" />
		<Unit filename="DataBase/DataModel/BehaviourBase.cpp" />
		<Unit filename="DataBase/DataModel/BehaviourBase.h" />
		<Unit filename="DataBase/DataModel/BehaviourExecution.cpp" />
		<Unit filename="DataBase/DataModel/BehaviourExecution.h" />
		<Unit filename="DataBase/DataModel/BehaviourFinish.cpp" />
		<Unit filename="DataBase/DataModel/BehaviourFinish.h" />
		<Unit filename="DataBase/DataModel/BehaviourStart.cpp" />
		<Unit filename="DataBase/DataModel/BehaviourStart.h" />
		<Unit filename="DataBase/DataModel/CommonDefines.h" />
		<Unit filename="DataBase/DataModel/Connection.cpp" />
		<Unit filename="DataBase/DataModel/Connection.h" />
		<Unit filename="DataBase/DataModel/Connections.cpp" />
		<Unit filename="DataBase/DataModel/Connections.h" />
		<Unit filename="DataBase/DataModel/DataBase.cpp" />
		<Unit filename="DataBase/DataModel/DataBase.h" />
		<Unit filename="DataBase/DataModel/DataBaseObject.cpp" />
		<Unit filename="DataBase/DataModel/DataBaseObject.h" />
		<Unit filename="DataBase/DataModel/DataBaseObjectManager.cpp" />
		<Unit filename="DataBase/DataModel/DataBaseObjectManager.h" />
		<Unit filename="DataBase/DataModel/DataModel.h" />
		<Unit filename="DataBase/DataModel/DataType.cpp" />
		<Unit filename="DataBase/DataModel/DataType.h" />
		<Unit filename="DataBase/DataModel/DataTypeValue.cpp" />
		<Unit filename="DataBase/DataModel/DataTypeValue.h" />
		<Unit filename="DataBase/DataModel/DataTypeValues.cpp" />
		<Unit filename="DataBase/DataModel/DataTypeValues.h" />
		<Unit filename="DataBase/DataModel/DataTypes.cpp" />
		<Unit filename="DataBase/DataModel/DataTypes.h" />
		<Unit filename="DataBase/DataModel/ExtendedAttribute.cpp" />
		<Unit filename="DataBase/DataModel/ExtendedAttribute.h" />
		<Unit filename="DataBase/DataModel/ExtendedAttributes.cpp" />
		<Unit filename="DataBase/DataModel/ExtendedAttributes.h" />
		<Unit filename="DataBase/DataModel/FileSystemConnection.cpp" />
		<Unit filename="DataBase/DataModel/FileSystemConnection.h" />
		<Unit filename="DataBase/DataModel/FormalParameter.cpp" />
		<Unit filename="DataBase/DataModel/FormalParameter.h" />
		<Unit filename="DataBase/DataModel/FormalParameters.h" />
		<Unit filename="DataBase/DataModel/FormalParametes.cpp" />
		<Unit filename="DataBase/DataModel/Grant.cpp" />
		<Unit filename="DataBase/DataModel/Grant.h" />
		<Unit filename="DataBase/DataModel/Grants.cpp" />
		<Unit filename="DataBase/DataModel/Grants.h" />
		<Unit filename="DataBase/DataModel/Log.cpp" />
		<Unit filename="DataBase/DataModel/Log.h" />
		<Unit filename="DataBase/DataModel/Logs.cpp" />
		<Unit filename="DataBase/DataModel/Logs.h" />
		<Unit filename="DataBase/DataModel/Message.cpp" />
		<Unit filename="DataBase/DataModel/Message.h" />
		<Unit filename="DataBase/DataModel/Messages.cpp" />
		<Unit filename="DataBase/DataModel/Messages.h" />
		<Unit filename="DataBase/DataModel/ODBCConnection.cpp" />
		<Unit filename="DataBase/DataModel/ODBCConnection.h" />
		<Unit filename="DataBase/DataModel/PoolManager.cpp" />
		<Unit filename="DataBase/DataModel/PoolManager.h" />
		<Unit filename="DataBase/DataModel/ProcessComponent.cpp" />
		<Unit filename="DataBase/DataModel/ProcessComponent.h" />
		<Unit filename="DataBase/DataModel/Report.cpp" />
		<Unit filename="DataBase/DataModel/Report.h" />
		<Unit filename="DataBase/DataModel/Reports.cpp" />
		<Unit filename="DataBase/DataModel/Reports.h" />
		<Unit filename="DataBase/DataModel/Role.cpp" />
		<Unit filename="DataBase/DataModel/Role.h" />
		<Unit filename="DataBase/DataModel/Roles.cpp" />
		<Unit filename="DataBase/DataModel/Roles.h" />
		<Unit filename="DataBase/DataModel/SQLDataBaseDefines.cpp" />
		<Unit filename="DataBase/DataModel/SQLiteConnection.cpp" />
		<Unit filename="DataBase/DataModel/SQLiteConnection.h" />
		<Unit filename="DataBase/DataModel/Script.cpp" />
		<Unit filename="DataBase/DataModel/Script.h" />
		<Unit filename="DataBase/DataModel/Service.cpp" />
		<Unit filename="DataBase/DataModel/Service.h" />
		<Unit filename="DataBase/DataModel/Services.cpp" />
		<Unit filename="DataBase/DataModel/Services.h" />
		<Unit filename="DataBase/DataModel/Status.cpp" />
		<Unit filename="DataBase/DataModel/Status.h" />
		<Unit filename="DataBase/DataModel/Transition.cpp" />
		<Unit filename="DataBase/DataModel/Transition.h" />
		<Unit filename="DataBase/DataModel/Transitions.cpp" />
		<Unit filename="DataBase/DataModel/Transitions.h" />
		<Unit filename="DataBase/DataModel/User.cpp" />
		<Unit filename="DataBase/DataModel/User.h" />
		<Unit filename="DataBase/DataModel/Users.cpp" />
		<Unit filename="DataBase/DataModel/Users.h" />
		<Unit filename="DataBase/DataModel/WorkflowProcess.cpp" />
		<Unit filename="DataBase/DataModel/WorkflowProcess.h" />
		<Unit filename="DataBase/DataModel/XMLDataModelDefines.cpp" />
		<Unit filename="DataBase/DataModel/mySQLConnection.cpp" />
		<Unit filename="DataBase/DataModel/mySQLConnection.h" />
		<Unit filename="DataBase/FileSystemDataBase.cpp" />
		<Unit filename="DataBase/FileSystemDataBase.h" />
		<Unit filename="DataBase/HowTo.txt" />
		<Unit filename="DataBase/ProcessesHandler.cpp" />
		<Unit filename="DataBase/ProcessesHandler.h" />
		<Unit filename="DataBase/TODO.txt" />
		<Unit filename="DataBase/WorkflowProcessInstanceRepository.cpp" />
		<Unit filename="DataBase/WorkflowProcessInstanceRepository.h" />
		<Unit filename="DataBase/database.sql" />
		<Unit filename="ExternalEvent/CommonDefines.h" />
		<Unit filename="ExternalEvent/Event.cpp" />
		<Unit filename="ExternalEvent/Event.h" />
		<Unit filename="ExternalEvent/EventActions.cpp" />
		<Unit filename="ExternalEvent/EventActions.h" />
		<Unit filename="ExternalEvent/EventConsumerPolicy.cpp" />
		<Unit filename="ExternalEvent/EventConsumerPolicy.h" />
		<Unit filename="ExternalEvent/EventContext.cpp" />
		<Unit filename="ExternalEvent/EventContext.h" />
		<Unit filename="ExternalEvent/EventDataModel.h" />
		<Unit filename="ExternalEvent/EventInvocationPolicy.cpp" />
		<Unit filename="ExternalEvent/EventInvocationPolicy.h" />
		<Unit filename="ExternalEvent/EventPolicies.cpp" />
		<Unit filename="ExternalEvent/EventPolicies.h" />
		<Unit filename="ExternalEvent/EventSource.cpp" />
		<Unit filename="ExternalEvent/EventSource.h" />
		<Unit filename="ExternalEvent/Events.cpp" />
		<Unit filename="ExternalEvent/Events.h" />
		<Unit filename="ExternalEvent/Events.xml" />
		<Unit filename="ExternalEvent/EventsDefinition.cpp" />
		<Unit filename="ExternalEvent/EventsDefinition.h" />
		<Unit filename="ExternalEvent/EventsManager.cpp" />
		<Unit filename="ExternalEvent/EventsManager.h" />
		<Unit filename="ExternalEvent/ManagedEventElement.cpp" />
		<Unit filename="ExternalEvent/ManagedEventElement.h" />
		<Unit filename="ExternalEvent/OccurredEvent.cpp" />
		<Unit filename="ExternalEvent/OccurredEvent.h" />
		<Unit filename="ExternalEvent/OccurredEvents.xml" />
		<Unit filename="ExternalEvent/ScenarioEventAction.cpp" />
		<Unit filename="ExternalEvent/ScenarioEventAction.h" />
		<Unit filename="ExternalEvent/WaitingActivities.cpp" />
		<Unit filename="ExternalEvent/WaitingActivities.h" />
		<Unit filename="ExternalEvent/WaitingActivity.cpp" />
		<Unit filename="ExternalEvent/WaitingActivity.h" />
		<Unit filename="ExternalEvent/WaitingEvent.cpp" />
		<Unit filename="ExternalEvent/WaitingEvent.h" />
		<Unit filename="ExternalEvent/WaitingForEvents.xml" />
		<Unit filename="ExternalEvent/XMLEventDataModelDefines.cpp" />
		<Unit filename="HowTo.txt" />
		<Unit filename="Idioma/Condition.cpp" />
		<Unit filename="Idioma/Condition.h" />
		<Unit filename="Idioma/Evaluator.cpp" />
		<Unit filename="Idioma/Evaluator.h" />
		<Unit filename="Idioma/Expression.cpp" />
		<Unit filename="Idioma/Expression.h" />
		<Unit filename="Idioma/FreeText.cpp" />
		<Unit filename="Idioma/FreeText.h" />
		<Unit filename="Idioma/Function.cpp" />
		<Unit filename="Idioma/Function.h" />
		<Unit filename="Idioma/ItemInterface.cpp" />
		<Unit filename="Idioma/ItemInterface.h" />
		<Unit filename="Idioma/Keyword.cpp" />
		<Unit filename="Idioma/Keyword.h" />
		<Unit filename="Idioma/Parameter.cpp" />
		<Unit filename="Idioma/Parameter.h" />
		<Unit filename="Idioma/RetrieveParameter.h" />
		<Unit filename="Idioma/ScriptException.h" />
		<Unit filename="WAPI/Logger.cpp" />
		<Unit filename="WAPI/Logger.h" />
		<Unit filename="WAPI/WAPI.cpp" />
		<Unit filename="WAPI/WAPI.h" />
		<Unit filename="WAPI/WAPIActivity.cpp" />
		<Unit filename="WAPI/WAPIActivity.h" />
		<Unit filename="WAPI/WAPIApplication.cpp" />
		<Unit filename="WAPI/WAPIApplication.h" />
		<Unit filename="WAPI/WAPIDataBase.cpp" />
		<Unit filename="WAPI/WAPIDataBase.h" />
		<Unit filename="WAPI/WAPIDataType.cpp" />
		<Unit filename="WAPI/WAPIDataType.h" />
		<Unit filename="WAPI/WAPIError.h" />
		<Unit filename="WAPI/WAPIProcess.cpp" />
		<Unit filename="WAPI/WAPIProcess.h" />
		<Unit filename="WAPI/WAPIReport.cpp" />
		<Unit filename="WAPI/WAPIReport.h" />
		<Unit filename="WAPI/WAPIRole.cpp" />
		<Unit filename="WAPI/WAPIRole.h" />
		<Unit filename="WAPI/WAPIService.cpp" />
		<Unit filename="WAPI/WAPIService.h" />
		<Unit filename="WAPI/WAPIUser.cpp" />
		<Unit filename="WAPI/WAPIUser.h" />
		<Unit filename="WAPI/WAPIWorkItem.cpp" />
		<Unit filename="WAPI/WAPIWorkItem.h" />
		<Unit filename="WAPI/WAPIWorkflow.cpp" />
		<Unit filename="WAPI/WAPIWorkflow.h" />
		<Unit filename="actions/ApplicationFunctionAction.cpp" />
		<Unit filename="actions/ApplicationFunctionAction.h" />
		<Unit filename="actions/ApplicationFunctionActionAttach.cpp" />
		<Unit filename="actions/ApplicationFunctionActionAttach.h" />
		<Unit filename="actions/BaseAction.cpp" />
		<Unit filename="actions/BaseAction.h" />
		<Unit filename="actions/ConditionAction.cpp" />
		<Unit filename="actions/ConditionAction.h" />
		<Unit filename="actions/ConsumeEventAction.cpp" />
		<Unit filename="actions/ConsumeEventAction.h" />
		<Unit filename="actions/EvalExpressionAction.cpp" />
		<Unit filename="actions/EvalExpressionAction.h" />
		<Unit filename="actions/EvalRetrieveParameter.cpp" />
		<Unit filename="actions/EvalRetrieveParameter.h" />
		<Unit filename="actions/EventAction.cpp" />
		<Unit filename="actions/EventAction.h" />
		<Unit filename="actions/IterationAction.cpp" />
		<Unit filename="actions/IterationAction.h" />
		<Unit filename="actions/IterationCounterAction.cpp" />
		<Unit filename="actions/IterationCounterAction.h" />
		<Unit filename="actions/IterationExpressionAction.cpp" />
		<Unit filename="actions/IterationExpressionAction.h" />
		<Unit filename="actions/MakeEventAction.cpp" />
		<Unit filename="actions/MakeEventAction.h" />
		<Unit filename="actions/PrimitiveAction.cpp" />
		<Unit filename="actions/PrimitiveAction.h" />
		<Unit filename="actions/PrimitiveActionAttach.cpp" />
		<Unit filename="actions/PrimitiveActionAttach.h" />
		<Unit filename="actions/PrimitiveActionDetach.cpp" />
		<Unit filename="actions/PrimitiveActionDetach.h" />
		<Unit filename="actions/ProcessAction.cpp" />
		<Unit filename="actions/ProcessAction.h" />
		<Unit filename="actions/ProcessActionAttach.cpp" />
		<Unit filename="actions/ProcessActionAttach.h" />
		<Unit filename="actions/SubFlowExitAction.cpp" />
		<Unit filename="actions/SubFlowExitAction.h" />
		<Unit filename="actions/XMLAction.cpp" />
		<Unit filename="actions/XMLAction.h" />
		<Unit filename="actions/XMLActionXMLFile.cpp" />
		<Unit filename="actions/XMLActionXMLFile.h" />
		<Unit filename="actions/XMLActionXSLT.cpp" />
		<Unit filename="actions/XMLActionXSLT.h" />
		<Unit filename="default.build" />
		<Unit filename="engine/Engine.cpp" />
		<Unit filename="engine/Engine.h" />
		<Unit filename="engine/EngineException.h" />
		<Unit filename="engine/EventsManagerThread.cpp" />
		<Unit filename="engine/EventsManagerThread.h" />
		<Unit filename="engine/IDataType.cpp" />
		<Unit filename="engine/IDataType.h" />
		<Unit filename="engine/IWorkflow.cpp" />
		<Unit filename="engine/IWorkflow.h" />
		<Unit filename="engine/NaturalType.cpp" />
		<Unit filename="engine/NaturalType.h" />
		<Unit filename="engine/WorkFlowThread.cpp" />
		<Unit filename="engine/WorkFlowThread.h" />
		<Unit filename="engine/Workflow.cpp" />
		<Unit filename="engine/Workflow.h" />
		<Unit filename="engine/WorkflowException.h" />
		<Unit filename="engine/WorkflowManager.cpp" />
		<Unit filename="engine/WorkflowManager.h" />
		<Unit filename="engine/WorkflowReport.cpp" />
		<Unit filename="engine/WorkflowReport.h" />
		<Unit filename="events/BaseEvent.cpp" />
		<Unit filename="events/BaseEvent.h" />
		<Unit filename="events/BaseProcessEvent.cpp" />
		<Unit filename="events/BaseProcessEvent.h" />
		<Unit filename="events/BaseWorkflowEvent.cpp" />
		<Unit filename="events/BaseWorkflowEvent.h" />
		<Unit filename="events/CreatedProcessEvent.cpp" />
		<Unit filename="events/CreatedProcessEvent.h" />
		<Unit filename="events/CreatingProcessEvent.cpp" />
		<Unit filename="events/CreatingProcessEvent.h" />
		<Unit filename="events/EndWorkflowEvent.cpp" />
		<Unit filename="events/EndWorkflowEvent.h" />
		<Unit filename="events/ErrorWorkflowEvent.cpp" />
		<Unit filename="events/ErrorWorkflowEvent.h" />
		<Unit filename="events/EventListener.cpp" />
		<Unit filename="events/EventListener.h" />
		<Unit filename="events/EventMaker.cpp" />
		<Unit filename="events/EventMaker.h" />
		<Unit filename="events/ManualWorkflowEvent.cpp" />
		<Unit filename="events/ManualWorkflowEvent.h" />
		<Unit filename="events/RestartedWorkflowEvent.cpp" />
		<Unit filename="events/RestartedWorkflowEvent.h" />
		<Unit filename="events/StartedWorkflowEvent.cpp" />
		<Unit filename="events/StartedWorkflowEvent.h" />
		<Unit filename="events/StartingWorkflowEvent.cpp" />
		<Unit filename="events/StartingWorkflowEvent.h" />
		<Unit filename="events/WorkflowListener.cpp" />
		<Unit filename="events/WorkflowListener.h" />
		<Unit filename="tasks/ApplicationFunctionTask.cpp" />
		<Unit filename="tasks/ApplicationFunctionTask.h" />
		<Unit filename="tasks/BaseTask.cpp" />
		<Unit filename="tasks/BaseTask.h" />
		<Unit filename="tasks/BeginTask.cpp" />
		<Unit filename="tasks/BeginTask.h" />
		<Unit filename="tasks/ConditionTask.cpp" />
		<Unit filename="tasks/ConditionTask.h" />
		<Unit filename="tasks/EventTask.cpp" />
		<Unit filename="tasks/EventTask.h" />
		<Unit filename="tasks/LoopTask.cpp" />
		<Unit filename="tasks/LoopTask.h" />
		<Unit filename="tasks/PrimitiveTask.cpp" />
		<Unit filename="tasks/PrimitiveTask.h" />
		<Unit filename="tasks/ProcessTask.cpp" />
		<Unit filename="tasks/ProcessTask.h" />
		<Unit filename="tasks/SubFlowExitTask.cpp" />
		<Unit filename="tasks/SubFlowExitTask.h" />
		<Unit filename="tasks/XMLTask.cpp" />
		<Unit filename="tasks/XMLTask.h" />
		<Extensions>
			<code_completion />
			<debugger />
			<envvars set="windows" />
		</Extensions>
	</Project>
</CodeBlocks_project_file>
