<?xml version="1.0" encoding="UTF-8" standalone="yes" ?>
<CodeBlocks_project_file>
	<FileVersion major="1" minor="6" />
	<Project>
		<Option title="Criteria.Libraries.bOS" />
		<Option execution_dir="." />
		<Option pch_mode="2" />
		<Option compiler="gcc" />
		<Build>
			<Target title="Release Win32">
				<Option output="Libraries" prefix_auto="1" extension_auto="1" />
				<Option object_output="$(TARGET_OUTPUT_DIR)$(TARGET_OUTPUT_BASENAME)" />
				<Option type="3" />
				<Option compiler="gcc" />
				<Option createDefFile="1" />
				<Option createStaticLib="1" />
				<Compiler>
					<Add option="-O2" />
					<Add option="-std=c++11" />
					<Add option="-W" />
					<Add option="-D_WIN32" />
					<Add option="-D_WINDOWS" />
					<Add option="-D_USRDLL" />
					<Add option="-DBOS_EXPORTS" />
					<Add option="-DCODEMANAGER_EXPORTS" />
					<Add option="-DCRT_NONSTDC_NO_DEPRECATE" />
					<Add directory="." />
					<Add directory="./CodeManager" />
					<Add directory="./IO" />
					<Add directory="./Network" />
					<Add directory="./Network/SMTP" />
					<Add directory="./Utils" />
					<Add directory="./Core" />
					<Add directory="./System" />
					<Add directory="./Exception" />
					<Add directory="./String" />
					<Add directory="./XML" />
					<Add directory="./XML/XSLT" />
					<Add directory="./XML/Data/FileSystem" />
					<Add directory="./XML/Data" />
					<Add directory="./Collections" />
					<Add directory="./SQL" />
					<Add directory="./SQL/mySQL" />
					<Add directory="../../include" />
				</Compiler>
				<ResourceCompiler>
					<Add directory="." />
					<Add directory="./CodeManager" />
					<Add directory="./IO" />
					<Add directory="./Network" />
					<Add directory="./Network/SMTP" />
					<Add directory="./Utils" />
					<Add directory="./Core" />
					<Add directory="./System" />
					<Add directory="./Exception" />
					<Add directory="./String" />
					<Add directory="./XML" />
					<Add directory="./XML/XSLT" />
					<Add directory="./XML/Data/FileSystem" />
					<Add directory="./XML/Data" />
					<Add directory="./Collections" />
					<Add directory="./SQL" />
					<Add directory="./SQL/mySQL" />
				</ResourceCompiler>
				<Linker>
					<Add directory="../../lib" />
				</Linker>
			</Target>
			<Target title="Debug Win32">
				<Option output="LibrariesD" prefix_auto="1" extension_auto="1" />
				<Option object_output="$(TARGET_OUTPUT_DIR)$(TARGET_OUTPUT_BASENAME)" />
				<Option type="3" />
				<Option compiler="gcc" />
				<Option createDefFile="1" />
				<Option createStaticLib="1" />
				<Compiler>
					<Add option="-std=c++11" />
					<Add option="-Wall" />
					<Add option="-g" />
					<Add option="-static-libgcc" />
					<Add option="-static-libstdc++" />
					<Add option="-fpermissive" />
					<Add option="-DWIN32" />
					<Add option="-D_USRDLL" />
					<Add option="-DBOS_EXPORTS" />
					<Add option="-DCODEMANAGER_EXPORTS" />
					<Add option="-DCRT_NONSTDC_NO_DEPRECATE" />
					<Add option="-D_DEBUG" />
					<Add option="-D_WINDOWS" />
					<Add option="-D_CODEMANAGER_TRACE_ON_" />
					<Add directory="." />
					<Add directory="./CodeManager" />
					<Add directory="./IO" />
					<Add directory="./Network" />
					<Add directory="./Network/SMTP" />
					<Add directory="./Utils" />
					<Add directory="./Core" />
					<Add directory="./System" />
					<Add directory="./Exception" />
					<Add directory="./String" />
					<Add directory="./XML" />
					<Add directory="./XML/XSLT" />
					<Add directory="./XML/Data/FileSystem" />
					<Add directory="./XML/Data" />
					<Add directory="./Collections" />
					<Add directory="./SQL" />
					<Add directory="./SQL/mySQL" />
					<Add directory="C:/MinGW/include" />
					<Add directory="../../include" />
				</Compiler>
				<Linker>
					<Add library="libws2_32.a" />
					<Add library="..\..\lib\libmySQL.lib" />
					<Add library="..\..\lib\libxerces-c.a" />
					<Add directory="C:/MinGW/lib" />
				</Linker>
			</Target>
		</Build>
		<Compiler>
			<Add option="-W" />
			<Add option="-D_DEBUG" />
			<Add option="-D_USRDLL" />
			<Add option="-D_CODEMANAGER_TRACE_ON_" />
			<Add option="-DBOS_EXPORTS" />
			<Add option="-DCODEMANAGER_EXPORTS" />
		</Compiler>
		<Linker>
			<Add directory="../../lib" />
		</Linker>
		<Unit filename="CodeManager/CodeItem.cpp" />
		<Unit filename="CodeManager/CodeItem.h" />
		<Unit filename="CodeManager/CodeTracer.cpp" />
		<Unit filename="CodeManager/CodeTracer.h" />
		<Unit filename="CodeManager/Tracer.cpp" />
		<Unit filename="CodeManager/Tracer.h" />
		<Unit filename="Collections/bOSCollection.cpp" />
		<Unit filename="Collections/bOSCollection.h" />
		<Unit filename="Collections/bOSCollectionEntry.cpp" />
		<Unit filename="Collections/bOSCollectionEntry.h" />
		<Unit filename="CommonDefines.h" />
		<Unit filename="Core/bOSMutex.cpp" />
		<Unit filename="Core/bOSMutex.h" />
		<Unit filename="Core/bOSRunnable.h" />
		<Unit filename="Core/bOSSemaphore.cpp" />
		<Unit filename="Core/bOSSemaphore.h" />
		<Unit filename="Core/bOSSmartLocker.cpp" />
		<Unit filename="Core/bOSSmartLocker.h" />
		<Unit filename="Core/bOSThread.cpp" />
		<Unit filename="Core/bOSThread.h" />
		<Unit filename="Core/bOSTypes.h" />
		<Unit filename="Exception/bOSAlreadyInitializedException.h" />
		<Unit filename="Exception/bOSDeadLockException.h" />
		<Unit filename="Exception/bOSException.cpp" />
		<Unit filename="Exception/bOSException.h" />
		<Unit filename="Exception/bOSFileSystemException.h" />
		<Unit filename="Exception/bOSInterruptedException.h" />
		<Unit filename="Exception/bOSNullArgumentException.h" />
		<Unit filename="Exception/bOSRuntimeException.h" />
		<Unit filename="Exception/bOSSynchronizationException.h" />
		<Unit filename="IO/bOSFile.cpp" />
		<Unit filename="IO/bOSFile.h" />
		<Unit filename="IO/bOSFileSystem.cpp" />
		<Unit filename="IO/bOSFileSystem.h" />
		<Unit filename="JniInvoker.h" />
		<Unit filename="Network/bOSSocketException.cpp" />
		<Unit filename="Network/bOSSocketException.h" />
		<Unit filename="Network/bOSSockets.cpp" />
		<Unit filename="Network/bOSSockets.h" />
		<Unit filename="SQL/SQLite3/3rdLibraries/CppSQLite3.h" />
		<Unit filename="SQL/SQLite3/3rdLibraries/sqlite3.h" />
		<Unit filename="SQL/SQLite3/3rdLibraries/sqlite3ext.h" />
		<Unit filename="SQL/SQLite3/bOSSQLiteConnection.h" />
		<Unit filename="SQL/SQLite3/bOSSQLiteConnectionData.h" />
		<Unit filename="SQL/SQLite3/bOSSQLiteResultSet.h" />
		<Unit filename="SQL/SQLite3/bOSSQLiteResultSetField.h" />
		<Unit filename="SQL/SQLite3/bOSSQLiteResultSetMetaData.h" />
		<Unit filename="SQL/bOSResultSet.cpp" />
		<Unit filename="SQL/bOSResultSet.h" />
		<Unit filename="SQL/bOSResultSetColumn.h" />
		<Unit filename="SQL/bOSResultSetField.cpp" />
		<Unit filename="SQL/bOSResultSetField.h" />
		<Unit filename="SQL/bOSResultSetMetaData.cpp" />
		<Unit filename="SQL/bOSResultSetMetaData.h" />
		<Unit filename="SQL/bOSResultSetRecord.cpp" />
		<Unit filename="SQL/bOSResultSetRecord.h" />
		<Unit filename="SQL/bOSSQLCommand.cpp" />
		<Unit filename="SQL/bOSSQLCommand.h" />
		<Unit filename="SQL/bOSSQLCommands.cpp" />
		<Unit filename="SQL/bOSSQLCommands.h" />
		<Unit filename="SQL/bOSSQLConnection.cpp" />
		<Unit filename="SQL/bOSSQLConnection.h" />
		<Unit filename="SQL/bOSSQLConnectionData.h" />
		<Unit filename="SQL/bOSSQLConnectionManager.cpp" />
		<Unit filename="SQL/bOSSQLConnectionManager.h" />
		<Unit filename="SQL/bOSSQLConnectionPool.cpp" />
		<Unit filename="SQL/bOSSQLConnectionPool.h" />
		<Unit filename="SQL/bOSSQLException.h" />
		<Unit filename="SQL/bOSSQLField.cpp" />
		<Unit filename="SQL/bOSSQLField.h" />
		<Unit filename="SQL/bOSSQLSmartConnection.cpp" />
		<Unit filename="SQL/bOSSQLSmartConnection.h" />
		<Unit filename="SQL/bOSSQLTable.cpp" />
		<Unit filename="SQL/bOSSQLTable.h" />
		<Unit filename="SQL/mySQL/bOSmySQLConnection.cpp" />
		<Unit filename="SQL/mySQL/bOSmySQLConnection.h" />
		<Unit filename="SQL/mySQL/bOSmySQLConnectionData.cpp" />
		<Unit filename="SQL/mySQL/bOSmySQLConnectionData.h" />
		<Unit filename="SQL/mySQL/bOSmySQLResultSet.cpp" />
		<Unit filename="SQL/mySQL/bOSmySQLResultSet.h" />
		<Unit filename="SQL/mySQL/bOSmySQLResultSetField.cpp" />
		<Unit filename="SQL/mySQL/bOSmySQLResultSetField.h" />
		<Unit filename="SQL/mySQL/bOSmySQLResultSetMetaData.cpp" />
		<Unit filename="SQL/mySQL/bOSmySQLResultSetMetaData.h" />
		<Unit filename="String/bOSStringBuffer.cpp" />
		<Unit filename="String/bOSStringBuffer.h" />
		<Unit filename="String/bOSStringUtils.cpp" />
		<Unit filename="String/bOSStringUtils.h" />
		<Unit filename="System/bOSProcess.cpp" />
		<Unit filename="System/bOSProcess.h" />
		<Unit filename="System/bOSSystem.cpp" />
		<Unit filename="System/bOSSystem.h" />
		<Unit filename="TODO.txt" />
		<Unit filename="Utils/bOSDate.cpp" />
		<Unit filename="Utils/bOSDate.h" />
		<Unit filename="Utils/bOSDateTime.cpp" />
		<Unit filename="Utils/bOSDateTime.h" />
		<Unit filename="Utils/bOSTime.cpp" />
		<Unit filename="Utils/bOSTime.h" />
		<Unit filename="Utils/bOSTimer.cpp" />
		<Unit filename="Utils/bOSTimer.h" />
		<Unit filename="Utils/bOSUniqueID.cpp" />
		<Unit filename="Utils/bOSUniqueID.h" />
		<Unit filename="XML/Data/FileSystem/bOSXMLDirectory.cpp" />
		<Unit filename="XML/Data/FileSystem/bOSXMLDirectory.h" />
		<Unit filename="XML/Data/FileSystem/bOSXMLFile.cpp" />
		<Unit filename="XML/Data/FileSystem/bOSXMLFile.h" />
		<Unit filename="XML/Data/bOSXMLObject.cpp" />
		<Unit filename="XML/Data/bOSXMLObject.h" />
		<Unit filename="XML/Data/bOSXMLObjectSet.cpp" />
		<Unit filename="XML/Data/bOSXMLObjectSet.h" />
		<Unit filename="XML/XSLT/bOSXSLTException.h" />
		<Unit filename="XML/XSLT/bOSXSLTManager.cpp" />
		<Unit filename="XML/XSLT/bOSXSLTManager.h" />
		<Unit filename="XML/bOSXMLAttribute.cpp" />
		<Unit filename="XML/bOSXMLAttribute.h" />
		<Unit filename="XML/bOSXMLException.h" />
		<Unit filename="XML/bOSXMLHelper.cpp" />
		<Unit filename="XML/bOSXMLHelper.h" />
		<Unit filename="XML/bOSXMLNode.cpp" />
		<Unit filename="XML/bOSXMLNode.h" />
		<Unit filename="bOS.cpp" />
		<Unit filename="bOS.h" />
		<Unit filename="bOSHp.h" />
		<Unit filename="bOSSolaris.h" />
		<Unit filename="bOSUx.h" />
		<Unit filename="bOSWin32.h" />
		<Unit filename="default.build" />
		<Extensions>
			<code_completion />
			<debugger />
			<envvars set="windows" />
		</Extensions>
	</Project>
</CodeBlocks_project_file>
